
Microsoft Visual Studio Solution File, Format Version 12.00
# Visual Studio Version 16
VisualStudioVersion = 16.0.28705.295
MinimumVisualStudioVersion = 15.0.26124.0
Project("{FAE04EC0-301F-11D3-BF4B-00C04F79EFBC}") = "Fluentley.AuditTrails.Core", "Fluentley.AuditTrails.Core\Fluentley.AuditTrails.Core.csproj", "{C30E7F78-38EB-4D3E-8116-E46982564934}"
EndProject
Project("{FAE04EC0-301F-11D3-BF4B-00C04F79EFBC}") = "Fluentley.AuditTrails.Services", "Fluentley.AuditTrails.Services\Fluentley.AuditTrails.Services.csproj", "{3B0930CC-7F12-4051-A42A-3768112D242F}"
EndProject
Global
	GlobalSection(SolutionConfigurationPlatforms) = preSolution
		Debug|Any CPU = Debug|Any CPU
		Release|Any CPU = Release|Any CPU
	EndGlobalSection
	GlobalSection(ProjectConfigurationPlatforms) = postSolution
		{C30E7F78-38EB-4D3E-8116-E46982564934}.Debug|Any CPU.ActiveCfg = Debug|Any CPU
		{C30E7F78-38EB-4D3E-8116-E46982564934}.Debug|Any CPU.Build.0 = Debug|Any CPU
		{C30E7F78-38EB-4D3E-8116-E46982564934}.Release|Any CPU.ActiveCfg = Release|Any CPU
		{C30E7F78-38EB-4D3E-8116-E46982564934}.Release|Any CPU.Build.0 = Release|Any CPU
		{3B0930CC-7F12-4051-A42A-3768112D242F}.Debug|Any CPU.ActiveCfg = Debug|Any CPU
		{3B0930CC-7F12-4051-A42A-3768112D242F}.Debug|Any CPU.Build.0 = Debug|Any CPU
		{3B0930CC-7F12-4051-A42A-3768112D242F}.Release|Any CPU.ActiveCfg = Release|Any CPU
		{3B0930CC-7F12-4051-A42A-3768112D242F}.Release|Any CPU.Build.0 = Release|Any CPU
	EndGlobalSection
	GlobalSection(SolutionProperties) = preSolution
		HideSolutionNode = FALSE
	EndGlobalSection
	GlobalSection(ExtensibilityGlobals) = postSolution
		SolutionGuid = {A4502700-2291-4E5D-8FC7-C870F952FECE}
	EndGlobalSection
EndGlobal
